
Microsoft Visual Studio Solution File, Format Version 12.00
# Visual Studio Version 17
VisualStudioVersion = 17.14.36511.14 d17.14
MinimumVisualStudioVersion = 10.0.40219.1
Project("{FAE04EC0-301F-11D3-BF4B-00C04F79EFBC}") = "Singleton", "Singleton\Singleton.csproj", "{4ABE8AAE-F849-4679-88E5-1BD3E7521B70}"
EndProject
Global
	GlobalSection(SolutionConfigurationPlatforms) = preSolution
		Debug|Any CPU = Debug|Any CPU
		Release|Any CPU = Release|Any CPU
	EndGlobalSection
	GlobalSection(ProjectConfigurationPlatforms) = postSolution
		{4ABE8AAE-F849-4679-88E5-1BD3E7521B70}.Debug|Any CPU.ActiveCfg = Debug|Any CPU
		{4ABE8AAE-F849-4679-88E5-1BD3E7521B70}.Debug|Any CPU.Build.0 = Debug|Any CPU
		{4ABE8AAE-F849-4679-88E5-1BD3E7521B70}.Release|Any CPU.ActiveCfg = Release|Any CPU
		{4ABE8AAE-F849-4679-88E5-1BD3E7521B70}.Release|Any CPU.Build.0 = Release|Any CPU
	EndGlobalSection
	GlobalSection(SolutionProperties) = preSolution
		HideSolutionNode = FALSE
	EndGlobalSection
	GlobalSection(ExtensibilityGlobals) = postSolution
		SolutionGuid = {9EF0E1DD-3780-4667-8B42-F0AABFA457E9}
	EndGlobalSection
EndGlobal
